// !$*UTF8*$!
{
	archiveVersion = 1;
	classes = {
	};
	objectVersion = 46;
	objects = {

/* Begin PBXBuildFile section */
		A8D648781A1A53E4004775A7 /* Foundation.framework in Frameworks */ = {isa = PBXBuildFile; fileRef = A8D648771A1A53E4004775A7 /* Foundation.framework */; };
		A8D6487A1A1A53E4004775A7 /* CoreGraphics.framework in Frameworks */ = {isa = PBXBuildFile; fileRef = A8D648791A1A53E4004775A7 /* CoreGraphics.framework */; };
		A8D6487C1A1A53E4004775A7 /* UIKit.framework in Frameworks */ = {isa = PBXBuildFile; fileRef = A8D6487B1A1A53E4004775A7 /* UIKit.framework */; };
		A8D6487E1A1A53E4004775A7 /* CoreData.framework in Frameworks */ = {isa = PBXBuildFile; fileRef = A8D6487D1A1A53E4004775A7 /* CoreData.framework */; };
		A8D648841A1A53E4004775A7 /* InfoPlist.strings in Resources */ = {isa = PBXBuildFile; fileRef = A8D648821A1A53E4004775A7 /* InfoPlist.strings */; };
		A8D648861A1A53E4004775A7 /* main.m in Sources */ = {isa = PBXBuildFile; fileRef = A8D648851A1A53E4004775A7 /* main.m */; };
		A8D6488A1A1A53E4004775A7 /* HYZAppDelegate.m in Sources */ = {isa = PBXBuildFile; fileRef = A8D648891A1A53E4004775A7 /* HYZAppDelegate.m */; };
		A8D6488D1A1A53E4004775A7 /* HYZCoreData.xcdatamodeld in Sources */ = {isa = PBXBuildFile; fileRef = A8D6488B1A1A53E4004775A7 /* HYZCoreData.xcdatamodeld */; };
		A8D6488F1A1A53E4004775A7 /* Images.xcassets in Resources */ = {isa = PBXBuildFile; fileRef = A8D6488E1A1A53E4004775A7 /* Images.xcassets */; };
		A8D648961A1A53E4004775A7 /* XCTest.framework in Frameworks */ = {isa = PBXBuildFile; fileRef = A8D648951A1A53E4004775A7 /* XCTest.framework */; };
		A8D648971A1A53E4004775A7 /* Foundation.framework in Frameworks */ = {isa = PBXBuildFile; fileRef = A8D648771A1A53E4004775A7 /* Foundation.framework */; };
		A8D648981A1A53E4004775A7 /* UIKit.framework in Frameworks */ = {isa = PBXBuildFile; fileRef = A8D6487B1A1A53E4004775A7 /* UIKit.framework */; };
		A8D648991A1A53E4004775A7 /* CoreData.framework in Frameworks */ = {isa = PBXBuildFile; fileRef = A8D6487D1A1A53E4004775A7 /* CoreData.framework */; };
		A8D648A11A1A53E4004775A7 /* InfoPlist.strings in Resources */ = {isa = PBXBuildFile; fileRef = A8D6489F1A1A53E4004775A7 /* InfoPlist.strings */; };
		A8D648A31A1A53E4004775A7 /* HYZCoreDataTests.m in Sources */ = {isa = PBXBuildFile; fileRef = A8D648A21A1A53E4004775A7 /* HYZCoreDataTests.m */; };
		A8D648AE1A1A54EB004775A7 /* HYZSqlite.m in Sources */ = {isa = PBXBuildFile; fileRef = A8D648AD1A1A54EB004775A7 /* HYZSqlite.m */; };
		A8D648B41A1A5A8F004775A7 /* MyTest.m in Sources */ = {isa = PBXBuildFile; fileRef = A8D648B31A1A5A8F004775A7 /* MyTest.m */; };
		A8D648FA1A1A6078004775A7 /* HYZTableViewController.m in Sources */ = {isa = PBXBuildFile; fileRef = A8D648F91A1A6078004775A7 /* HYZTableViewController.m */; };
/* End PBXBuildFile section */

/* Begin PBXContainerItemProxy section */
		A8D6489A1A1A53E4004775A7 /* PBXContainerItemProxy */ = {
			isa = PBXContainerItemProxy;
			containerPortal = A8D6486C1A1A53E4004775A7 /* Project object */;
			proxyType = 1;
			remoteGlobalIDString = A8D648731A1A53E4004775A7;
			remoteInfo = HYZCoreData;
		};
/* End PBXContainerItemProxy section */

/* Begin PBXFileReference section */
		A8D648741A1A53E4004775A7 /* HYZCoreData.app */ = {isa = PBXFileReference; explicitFileType = wrapper.application; includeInIndex = 0; path = HYZCoreData.app; sourceTree = BUILT_PRODUCTS_DIR; };
		A8D648771A1A53E4004775A7 /* Foundation.framework */ = {isa = PBXFileReference; lastKnownFileType = wrapper.framework; name = Foundation.framework; path = System/Library/Frameworks/Foundation.framework; sourceTree = SDKROOT; };
		A8D648791A1A53E4004775A7 /* CoreGraphics.framework */ = {isa = PBXFileReference; lastKnownFileType = wrapper.framework; name = CoreGraphics.framework; path = System/Library/Frameworks/CoreGraphics.framework; sourceTree = SDKROOT; };
		A8D6487B1A1A53E4004775A7 /* UIKit.framework */ = {isa = PBXFileReference; lastKnownFileType = wrapper.framework; name = UIKit.framework; path = System/Library/Frameworks/UIKit.framework; sourceTree = SDKROOT; };
		A8D6487D1A1A53E4004775A7 /* CoreData.framework */ = {isa = PBXFileReference; lastKnownFileType = wrapper.framework; name = CoreData.framework; path = System/Library/Frameworks/CoreData.framework; sourceTree = SDKROOT; };
		A8D648811A1A53E4004775A7 /* HYZCoreData-Info.plist */ = {isa = PBXFileReference; lastKnownFileType = text.plist.xml; path = "HYZCoreData-Info.plist"; sourceTree = "<group>"; };
		A8D648831A1A53E4004775A7 /* en */ = {isa = PBXFileReference; lastKnownFileType = text.plist.strings; name = en; path = en.lproj/InfoPlist.strings; sourceTree = "<group>"; };
		A8D648851A1A53E4004775A7 /* main.m */ = {isa = PBXFileReference; lastKnownFileType = sourcecode.c.objc; path = main.m; sourceTree = "<group>"; };
		A8D648871A1A53E4004775A7 /* HYZCoreData-Prefix.pch */ = {isa = PBXFileReference; lastKnownFileType = sourcecode.c.h; path = "HYZCoreData-Prefix.pch"; sourceTree = "<group>"; };
		A8D648881A1A53E4004775A7 /* HYZAppDelegate.h */ = {isa = PBXFileReference; lastKnownFileType = sourcecode.c.h; path = HYZAppDelegate.h; sourceTree = "<group>"; };
		A8D648891A1A53E4004775A7 /* HYZAppDelegate.m */ = {isa = PBXFileReference; lastKnownFileType = sourcecode.c.objc; path = HYZAppDelegate.m; sourceTree = "<group>"; };
		A8D6488C1A1A53E4004775A7 /* HYZCoreData.xcdatamodel */ = {isa = PBXFileReference; lastKnownFileType = wrapper.xcdatamodel; path = HYZCoreData.xcdatamodel; sourceTree = "<group>"; };
		A8D6488E1A1A53E4004775A7 /* Images.xcassets */ = {isa = PBXFileReference; lastKnownFileType = folder.assetcatalog; path = Images.xcassets; sourceTree = "<group>"; };
		A8D648941A1A53E4004775A7 /* HYZCoreDataTests.xctest */ = {isa = PBXFileReference; explicitFileType = wrapper.cfbundle; includeInIndex = 0; path = HYZCoreDataTests.xctest; sourceTree = BUILT_PRODUCTS_DIR; };
		A8D648951A1A53E4004775A7 /* XCTest.framework */ = {isa = PBXFileReference; lastKnownFileType = wrapper.framework; name = XCTest.framework; path = Library/Frameworks/XCTest.framework; sourceTree = DEVELOPER_DIR; };
		A8D6489E1A1A53E4004775A7 /* HYZCoreDataTests-Info.plist */ = {isa = PBXFileReference; lastKnownFileType = text.plist.xml; path = "HYZCoreDataTests-Info.plist"; sourceTree = "<group>"; };
		A8D648A01A1A53E4004775A7 /* en */ = {isa = PBXFileReference; lastKnownFileType = text.plist.strings; name = en; path = en.lproj/InfoPlist.strings; sourceTree = "<group>"; };
		A8D648A21A1A53E4004775A7 /* HYZCoreDataTests.m */ = {isa = PBXFileReference; lastKnownFileType = sourcecode.c.objc; path = HYZCoreDataTests.m; sourceTree = "<group>"; };
		A8D648AC1A1A54EB004775A7 /* HYZSqlite.h */ = {isa = PBXFileReference; fileEncoding = 4; lastKnownFileType = sourcecode.c.h; path = HYZSqlite.h; sourceTree = "<group>"; };
		A8D648AD1A1A54EB004775A7 /* HYZSqlite.m */ = {isa = PBXFileReference; fileEncoding = 4; lastKnownFileType = sourcecode.c.objc; path = HYZSqlite.m; sourceTree = "<group>"; };
		A8D648B21A1A5A8F004775A7 /* MyTest.h */ = {isa = PBXFileReference; fileEncoding = 4; lastKnownFileType = sourcecode.c.h; path = MyTest.h; sourceTree = "<group>"; };
		A8D648B31A1A5A8F004775A7 /* MyTest.m */ = {isa = PBXFileReference; fileEncoding = 4; lastKnownFileType = sourcecode.c.objc; path = MyTest.m; sourceTree = "<group>"; };
		A8D648F81A1A6078004775A7 /* HYZTableViewController.h */ = {isa = PBXFileReference; fileEncoding = 4; lastKnownFileType = sourcecode.c.h; path = HYZTableViewController.h; sourceTree = "<group>"; };
		A8D648F91A1A6078004775A7 /* HYZTableViewController.m */ = {isa = PBXFileReference; fileEncoding = 4; lastKnownFileType = sourcecode.c.objc; path = HYZTableViewController.m; sourceTree = "<group>"; };
/* End PBXFileReference section */

/* Begin PBXFrameworksBuildPhase section */
		A8D648711A1A53E4004775A7 /* Frameworks */ = {
			isa = PBXFrameworksBuildPhase;
			buildActionMask = 2147483647;
			files = (
				A8D6487A1A1A53E4004775A7 /* CoreGraphics.framework in Frameworks */,
				A8D6487E1A1A53E4004775A7 /* CoreData.framework in Frameworks */,
				A8D6487C1A1A53E4004775A7 /* UIKit.framework in Frameworks */,
				A8D648781A1A53E4004775A7 /* Foundation.framework in Frameworks */,
			);
			runOnlyForDeploymentPostprocessing = 0;
		};
		A8D648911A1A53E4004775A7 /* Frameworks */ = {
			isa = PBXFrameworksBuildPhase;
			buildActionMask = 2147483647;
			files = (
				A8D648961A1A53E4004775A7 /* XCTest.framework in Frameworks */,
				A8D648991A1A53E4004775A7 /* CoreData.framework in Frameworks */,
				A8D648981A1A53E4004775A7 /* UIKit.framework in Frameworks */,
				A8D648971A1A53E4004775A7 /* Foundation.framework in Frameworks */,
			);
			runOnlyForDeploymentPostprocessing = 0;
		};
/* End PBXFrameworksBuildPhase section */

/* Begin PBXGroup section */
		A8D6486B1A1A53E4004775A7 = {
			isa = PBXGroup;
			children = (
				A8D6487F1A1A53E4004775A7 /* HYZCoreData */,
				A8D6489C1A1A53E4004775A7 /* HYZCoreDataTests */,
				A8D648761A1A53E4004775A7 /* Frameworks */,
				A8D648751A1A53E4004775A7 /* Products */,
			);
			sourceTree = "<group>";
		};
		A8D648751A1A53E4004775A7 /* Products */ = {
			isa = PBXGroup;
			children = (
				A8D648741A1A53E4004775A7 /* HYZCoreData.app */,
				A8D648941A1A53E4004775A7 /* HYZCoreDataTests.xctest */,
			);
			name = Products;
			sourceTree = "<group>";
		};
		A8D648761A1A53E4004775A7 /* Frameworks */ = {
			isa = PBXGroup;
			children = (
				A8D648771A1A53E4004775A7 /* Foundation.framework */,
				A8D648791A1A53E4004775A7 /* CoreGraphics.framework */,
				A8D6487B1A1A53E4004775A7 /* UIKit.framework */,
				A8D6487D1A1A53E4004775A7 /* CoreData.framework */,
				A8D648951A1A53E4004775A7 /* XCTest.framework */,
			);
			name = Frameworks;
			sourceTree = "<group>";
		};
		A8D6487F1A1A53E4004775A7 /* HYZCoreData */ = {
			isa = PBXGroup;
			children = (
				A8D648881A1A53E4004775A7 /* HYZAppDelegate.h */,
				A8D648891A1A53E4004775A7 /* HYZAppDelegate.m */,
				A8D648F81A1A6078004775A7 /* HYZTableViewController.h */,
				A8D648F91A1A6078004775A7 /* HYZTableViewController.m */,
				A8D648AC1A1A54EB004775A7 /* HYZSqlite.h */,
				A8D648AD1A1A54EB004775A7 /* HYZSqlite.m */,
				A8D6488E1A1A53E4004775A7 /* Images.xcassets */,
				A8D6488B1A1A53E4004775A7 /* HYZCoreData.xcdatamodeld */,
				A8D648B21A1A5A8F004775A7 /* MyTest.h */,
				A8D648B31A1A5A8F004775A7 /* MyTest.m */,
				A8D648801A1A53E4004775A7 /* Supporting Files */,
			);
			path = HYZCoreData;
			sourceTree = "<group>";
		};
		A8D648801A1A53E4004775A7 /* Supporting Files */ = {
			isa = PBXGroup;
			children = (
				A8D648811A1A53E4004775A7 /* HYZCoreData-Info.plist */,
				A8D648821A1A53E4004775A7 /* InfoPlist.strings */,
				A8D648851A1A53E4004775A7 /* main.m */,
				A8D648871A1A53E4004775A7 /* HYZCoreData-Prefix.pch */,
			);
			name = "Supporting Files";
			sourceTree = "<group>";
		};
		A8D6489C1A1A53E4004775A7 /* HYZCoreDataTests */ = {
			isa = PBXGroup;
			children = (
				A8D648A21A1A53E4004775A7 /* HYZCoreDataTests.m */,
				A8D6489D1A1A53E4004775A7 /* Supporting Files */,
			);
			path = HYZCoreDataTests;
			sourceTree = "<group>";
		};
		A8D6489D1A1A53E4004775A7 /* Supporting Files */ = {
			isa = PBXGroup;
			children = (
				A8D6489E1A1A53E4004775A7 /* HYZCoreDataTests-Info.plist */,
				A8D6489F1A1A53E4004775A7 /* InfoPlist.strings */,
			);
			name = "Supporting Files";
			sourceTree = "<group>";
		};
/* End PBXGroup section */

/* Begin PBXNativeTarget section */
		A8D648731A1A53E4004775A7 /* HYZCoreData */ = {
			isa = PBXNativeTarget;
			buildConfigurationList = A8D648A61A1A53E4004775A7 /* Build configuration list for PBXNativeTarget "HYZCoreData" */;
			buildPhases = (
				A8D648701A1A53E4004775A7 /* Sources */,
				A8D648711A1A53E4004775A7 /* Frameworks */,
				A8D648721A1A53E4004775A7 /* Resources */,
			);
			buildRules = (
			);
			dependencies = (
			);
			name = HYZCoreData;
			productName = HYZCoreData;
			productReference = A8D648741A1A53E4004775A7 /* HYZCoreData.app */;
			productType = "com.apple.product-type.application";
		};
		A8D648931A1A53E4004775A7 /* HYZCoreDataTests */ = {
			isa = PBXNativeTarget;
			buildConfigurationList = A8D648A91A1A53E4004775A7 /* Build configuration list for PBXNativeTarget "HYZCoreDataTests" */;
			buildPhases = (
				A8D648901A1A53E4004775A7 /* Sources */,
				A8D648911A1A53E4004775A7 /* Frameworks */,
				A8D648921A1A53E4004775A7 /* Resources */,
			);
			buildRules = (
			);
			dependencies = (
				A8D6489B1A1A53E4004775A7 /* PBXTargetDependency */,
			);
			name = HYZCoreDataTests;
			productName = HYZCoreDataTests;
			productReference = A8D648941A1A53E4004775A7 /* HYZCoreDataTests.xctest */;
			productType = "com.apple.product-type.bundle.unit-test";
		};
/* End PBXNativeTarget section */

/* Begin PBXProject section */
		A8D6486C1A1A53E4004775A7 /* Project object */ = {
			isa = PBXProject;
			attributes = {
				CLASSPREFIX = HYZ;
				LastUpgradeCheck = 0510;
				ORGANIZATIONNAME = "韩亚周";
				TargetAttributes = {
					A8D648931A1A53E4004775A7 = {
						TestTargetID = A8D648731A1A53E4004775A7;
					};
				};
			};
			buildConfigurationList = A8D6486F1A1A53E4004775A7 /* Build configuration list for PBXProject "HYZCoreData" */;
			compatibilityVersion = "Xcode 3.2";
			developmentRegion = English;
			hasScannedForEncodings = 0;
			knownRegions = (
				en,
			);
			mainGroup = A8D6486B1A1A53E4004775A7;
			productRefGroup = A8D648751A1A53E4004775A7 /* Products */;
			projectDirPath = "";
			projectRoot = "";
			targets = (
				A8D648731A1A53E4004775A7 /* HYZCoreData */,
				A8D648931A1A53E4004775A7 /* HYZCoreDataTests */,
			);
		};
/* End PBXProject section */

/* Begin PBXResourcesBuildPhase section */
		A8D648721A1A53E4004775A7 /* Resources */ = {
			isa = PBXResourcesBuildPhase;
			buildActionMask = 2147483647;
			files = (
				A8D648841A1A53E4004775A7 /* InfoPlist.strings in Resources */,
				A8D6488F1A1A53E4004775A7 /* Images.xcassets in Resources */,
			);
			runOnlyForDeploymentPostprocessing = 0;
		};
		A8D648921A1A53E4004775A7 /* Resources */ = {
			isa = PBXResourcesBuildPhase;
			buildActionMask = 2147483647;
			files = (
				A8D648A11A1A53E4004775A7 /* InfoPlist.strings in Resources */,
			);
			runOnlyForDeploymentPostprocessing = 0;
		};
/* End PBXResourcesBuildPhase section */

/* Begin PBXSourcesBuildPhase section */
		A8D648701A1A53E4004775A7 /* Sources */ = {
			isa = PBXSourcesBuildPhase;
			buildActionMask = 2147483647;
			files = (
				A8D6488D1A1A53E4004775A7 /* HYZCoreData.xcdatamodeld in Sources */,
				A8D6488A1A1A53E4004775A7 /* HYZAppDelegate.m in Sources */,
				A8D648861A1A53E4004775A7 /* main.m in Sources */,
				A8D648AE1A1A54EB004775A7 /* HYZSqlite.m in Sources */,
				A8D648B41A1A5A8F004775A7 /* MyTest.m in Sources */,
				A8D648FA1A1A6078004775A7 /* HYZTableViewController.m in Sources */,
			);
			runOnlyForDeploymentPostprocessing = 0;
		};
		A8D648901A1A53E4004775A7 /* Sources */ = {
			isa = PBXSourcesBuildPhase;
			buildActionMask = 2147483647;
			files = (
				A8D648A31A1A53E4004775A7 /* HYZCoreDataTests.m in Sources */,
			);
			runOnlyForDeploymentPostprocessing = 0;
		};
/* End PBXSourcesBuildPhase section */

/* Begin PBXTargetDependency section */
		A8D6489B1A1A53E4004775A7 /* PBXTargetDependency */ = {
			isa = PBXTargetDependency;
			target = A8D648731A1A53E4004775A7 /* HYZCoreData */;
			targetProxy = A8D6489A1A1A53E4004775A7 /* PBXContainerItemProxy */;
		};
/* End PBXTargetDependency section */

/* Begin PBXVariantGroup section */
		A8D648821A1A53E4004775A7 /* InfoPlist.strings */ = {
			isa = PBXVariantGroup;
			children = (
				A8D648831A1A53E4004775A7 /* en */,
			);
			name = InfoPlist.strings;
			sourceTree = "<group>";
		};
		A8D6489F1A1A53E4004775A7 /* InfoPlist.strings */ = {
			isa = PBXVariantGroup;
			children = (
				A8D648A01A1A53E4004775A7 /* en */,
			);
			name = InfoPlist.strings;
			sourceTree = "<group>";
		};
/* End PBXVariantGroup section */

/* Begin XCBuildConfiguration section */
		A8D648A41A1A53E4004775A7 /* Debug */ = {
			isa = XCBuildConfiguration;
			buildSettings = {
				ALWAYS_SEARCH_USER_PATHS = NO;
				CLANG_CXX_LANGUAGE_STANDARD = "gnu++0x";
				CLANG_CXX_LIBRARY = "libc++";
				CLANG_ENABLE_MODULES = YES;
				CLANG_ENABLE_OBJC_ARC = YES;
				CLANG_WARN_BOOL_CONVERSION = YES;
				CLANG_WARN_CONSTANT_CONVERSION = YES;
				CLANG_WARN_DIRECT_OBJC_ISA_USAGE = YES_ERROR;
				CLANG_WARN_EMPTY_BODY = YES;
				CLANG_WARN_ENUM_CONVERSION = YES;
				CLANG_WARN_INT_CONVERSION = YES;
				CLANG_WARN_OBJC_ROOT_CLASS = YES_ERROR;
				CLANG_WARN__DUPLICATE_METHOD_MATCH = YES;
				"CODE_SIGN_IDENTITY[sdk=iphoneos*]" = "iPhone Developer";
				COPY_PHASE_STRIP = NO;
				GCC_C_LANGUAGE_STANDARD = gnu99;
				GCC_DYNAMIC_NO_PIC = NO;
				GCC_OPTIMIZATION_LEVEL = 0;
				GCC_PREPROCESSOR_DEFINITIONS = (
					"DEBUG=1",
					"$(inherited)",
				);
				GCC_SYMBOLS_PRIVATE_EXTERN = NO;
				GCC_WARN_64_TO_32_BIT_CONVERSION = YES;
				GCC_WARN_ABOUT_RETURN_TYPE = YES_ERROR;
				GCC_WARN_UNDECLARED_SELECTOR = YES;
				GCC_WARN_UNINITIALIZED_AUTOS = YES_AGGRESSIVE;
				GCC_WARN_UNUSED_FUNCTION = YES;
				GCC_WARN_UNUSED_VARIABLE = YES;
				IPHONEOS_DEPLOYMENT_TARGET = 7.1;
				ONLY_ACTIVE_ARCH = YES;
				SDKROOT = iphoneos;
			};
			name = Debug;
		};
		A8D648A51A1A53E4004775A7 /* Release */ = {
			isa = XCBuildConfiguration;
			buildSettings = {
				ALWAYS_SEARCH_USER_PATHS = NO;
				CLANG_CXX_LANGUAGE_STANDARD = "gnu++0x";
				CLANG_CXX_LIBRARY = "libc++";
				CLANG_ENABLE_MODULES = YES;
				CLANG_ENABLE_OBJC_ARC = YES;
				CLANG_WARN_BOOL_CONVERSION = YES;
				CLANG_WARN_CONSTANT_CONVERSION = YES;
				CLANG_WARN_DIRECT_OBJC_ISA_USAGE = YES_ERROR;
				CLANG_WARN_EMPTY_BODY = YES;
				CLANG_WARN_ENUM_CONVERSION = YES;
				CLANG_WARN_INT_CONVERSION = YES;
				CLANG_WARN_OBJC_ROOT_CLASS = YES_ERROR;
				CLANG_WARN__DUPLICATE_METHOD_MATCH = YES;
				"CODE_SIGN_IDENTITY[sdk=iphoneos*]" = "iPhone Developer";
				COPY_PHASE_STRIP = YES;
				ENABLE_NS_ASSERTIONS = NO;
				GCC_C_LANGUAGE_STANDARD = gnu99;
				GCC_WARN_64_TO_32_BIT_CONVERSION = YES;
				GCC_WARN_ABOUT_RETURN_TYPE = YES_ERROR;
				GCC_WARN_UNDECLARED_SELECTOR = YES;
				GCC_WARN_UNINITIALIZED_AUTOS = YES_AGGRESSIVE;
				GCC_WARN_UNUSED_FUNCTION = YES;
				GCC_WARN_UNUSED_VARIABLE = YES;
				IPHONEOS_DEPLOYMENT_TARGET = 7.1;
				SDKROOT = iphoneos;
				VALIDATE_PRODUCT = YES;
			};
			name = Release;
		};
		A8D648A71A1A53E4004775A7 /* Debug */ = {
			isa = XCBuildConfiguration;
			buildSettings = {
				ASSETCATALOG_COMPILER_APPICON_NAME = AppIcon;
				ASSETCATALOG_COMPILER_LAUNCHIMAGE_NAME = LaunchImage;
				GCC_PRECOMPILE_PREFIX_HEADER = YES;
				GCC_PREFIX_HEADER = "HYZCoreData/HYZCoreData-Prefix.pch";
				INFOPLIST_FILE = "HYZCoreData/HYZCoreData-Info.plist";
				PRODUCT_NAME = "$(TARGET_NAME)";
				WRAPPER_EXTENSION = app;
			};
			name = Debug;
		};
		A8D648A81A1A53E4004775A7 /* Release */ = {
			isa = XCBuildConfiguration;
			buildSettings = {
				ASSETCATALOG_COMPILER_APPICON_NAME = AppIcon;
				ASSETCATALOG_COMPILER_LAUNCHIMAGE_NAME = LaunchImage;
				GCC_PRECOMPILE_PREFIX_HEADER = YES;
				GCC_PREFIX_HEADER = "HYZCoreData/HYZCoreData-Prefix.pch";
				INFOPLIST_FILE = "HYZCoreData/HYZCoreData-Info.plist";
				PRODUCT_NAME = "$(TARGET_NAME)";
				WRAPPER_EXTENSION = app;
			};
			name = Release;
		};
		A8D648AA1A1A53E4004775A7 /* Debug */ = {
			isa = XCBuildConfiguration;
			buildSettings = {
				BUNDLE_LOADER = "$(BUILT_PRODUCTS_DIR)/HYZCoreData.app/HYZCoreData";
				FRAMEWORK_SEARCH_PATHS = (
					"$(SDKROOT)/Developer/Library/Frameworks",
					"$(inherited)",
					"$(DEVELOPER_FRAMEWORKS_DIR)",
				);
				GCC_PRECOMPILE_PREFIX_HEADER = YES;
				GCC_PREFIX_HEADER = "HYZCoreData/HYZCoreData-Prefix.pch";
				GCC_PREPROCESSOR_DEFINITIONS = (
					"DEBUG=1",
					"$(inherited)",
				);
				INFOPLIST_FILE = "HYZCoreDataTests/HYZCoreDataTests-Info.plist";
				PRODUCT_NAME = "$(TARGET_NAME)";
				TEST_HOST = "$(BUNDLE_LOADER)";
				WRAPPER_EXTENSION = xctest;
			};
			name = Debug;
		};
		A8D648AB1A1A53E4004775A7 /* Release */ = {
			isa = XCBuildConfiguration;
			buildSettings = {
				BUNDLE_LOADER = "$(BUILT_PRODUCTS_DIR)/HYZCoreData.app/HYZCoreData";
				FRAMEWORK_SEARCH_PATHS = (
					"$(SDKROOT)/Developer/Library/Frameworks",
					"$(inherited)",
					"$(DEVELOPER_FRAMEWORKS_DIR)",
				);
				GCC_PRECOMPILE_PREFIX_HEADER = YES;
				GCC_PREFIX_HEADER = "HYZCoreData/HYZCoreData-Prefix.pch";
				INFOPLIST_FILE = "HYZCoreDataTests/HYZCoreDataTests-Info.plist";
				PRODUCT_NAME = "$(TARGET_NAME)";
				TEST_HOST = "$(BUNDLE_LOADER)";
				WRAPPER_EXTENSION = xctest;
			};
			name = Release;
		};
/* End XCBuildConfiguration section */

/* Begin XCConfigurationList section */
		A8D6486F1A1A53E4004775A7 /* Build configuration list for PBXProject "HYZCoreData" */ = {
			isa = XCConfigurationList;
			buildConfigurations = (
				A8D648A41A1A53E4004775A7 /* Debug */,
				A8D648A51A1A53E4004775A7 /* Release */,
			);
			defaultConfigurationIsVisible = 0;
			defaultConfigurationName = Release;
		};
		A8D648A61A1A53E4004775A7 /* Build configuration list for PBXNativeTarget "HYZCoreData" */ = {
			isa = XCConfigurationList;
			buildConfigurations = (
				A8D648A71A1A53E4004775A7 /* Debug */,
				A8D648A81A1A53E4004775A7 /* Release */,
			);
			defaultConfigurationIsVisible = 0;
		};
		A8D648A91A1A53E4004775A7 /* Build configuration list for PBXNativeTarget "HYZCoreDataTests" */ = {
			isa = XCConfigurationList;
			buildConfigurations = (
				A8D648AA1A1A53E4004775A7 /* Debug */,
				A8D648AB1A1A53E4004775A7 /* Release */,
			);
			defaultConfigurationIsVisible = 0;
		};
/* End XCConfigurationList section */

/* Begin XCVersionGroup section */
		A8D6488B1A1A53E4004775A7 /* HYZCoreData.xcdatamodeld */ = {
			isa = XCVersionGroup;
			children = (
				A8D6488C1A1A53E4004775A7 /* HYZCoreData.xcdatamodel */,
			);
			currentVersion = A8D6488C1A1A53E4004775A7 /* HYZCoreData.xcdatamodel */;
			path = HYZCoreData.xcdatamodeld;
			sourceTree = "<group>";
			versionGroupType = wrapper.xcdatamodel;
		};
/* End XCVersionGroup section */
	};
	rootObject = A8D6486C1A1A53E4004775A7 /* Project object */;
}
